
Microsoft Visual Studio Solution File, Format Version 12.00
# Visual Studio 2017
Project("{FAE04EC0-301F-11D3-BF4B-00C04F79EFBC}") = "DeliVRy", "DeliVRy.csproj", "{7B50E35C-8694-E9BD-F508-77AFF1284F14}"
EndProject
Project("{FAE04EC0-301F-11D3-BF4B-00C04F79EFBC}") = "DeliVRy.Editor", "DeliVRy.Editor.csproj", "{38ED7A71-9765-4C83-5F11-8B307109DC67}"
EndProject
Global
	GlobalSection(SolutionConfigurationPlatforms) = preSolution
		Debug|Any CPU = Debug|Any CPU
		Release|Any CPU = Release|Any CPU
	EndGlobalSection
	GlobalSection(ProjectConfigurationPlatforms) = postSolution
		{7B50E35C-8694-E9BD-F508-77AFF1284F14}.Debug|Any CPU.ActiveCfg = Debug|Any CPU
		{7B50E35C-8694-E9BD-F508-77AFF1284F14}.Debug|Any CPU.Build.0 = Debug|Any CPU
		{7B50E35C-8694-E9BD-F508-77AFF1284F14}.Release|Any CPU.ActiveCfg = Release|Any CPU
		{7B50E35C-8694-E9BD-F508-77AFF1284F14}.Release|Any CPU.Build.0 = Release|Any CPU
		{38ED7A71-9765-4C83-5F11-8B307109DC67}.Debug|Any CPU.ActiveCfg = Debug|Any CPU
		{38ED7A71-9765-4C83-5F11-8B307109DC67}.Debug|Any CPU.Build.0 = Debug|Any CPU
		{38ED7A71-9765-4C83-5F11-8B307109DC67}.Release|Any CPU.ActiveCfg = Release|Any CPU
		{38ED7A71-9765-4C83-5F11-8B307109DC67}.Release|Any CPU.Build.0 = Release|Any CPU
	EndGlobalSection
	GlobalSection(SolutionProperties) = preSolution
		HideSolutionNode = FALSE
	EndGlobalSection
EndGlobal
